
Microsoft Visual Studio Solution File, Format Version 12.00
Project("{F2A71F9B-5D33-465A-A702-920D77279786}") = "ProtoC", "ProtoC\ProtoC.fsproj", "{8F9C0CA6-3B9E-4D8B-97BE-9D1A51591FD8}"
EndProject
Project("{F2A71F9B-5D33-465A-A702-920D77279786}") = "ProtoC.Tests", "ProtoC.Tests\ProtoC.Tests.fsproj", "{BFE56327-89A0-4B51-B60E-7F7C8C233B4D}"
EndProject
Global
	GlobalSection(SolutionConfigurationPlatforms) = preSolution
		Debug|Any CPU = Debug|Any CPU
		Release|Any CPU = Release|Any CPU
	EndGlobalSection
	GlobalSection(ProjectConfigurationPlatforms) = postSolution
		{8F9C0CA6-3B9E-4D8B-97BE-9D1A51591FD8}.Debug|Any CPU.ActiveCfg = Debug|Any CPU
		{8F9C0CA6-3B9E-4D8B-97BE-9D1A51591FD8}.Debug|Any CPU.Build.0 = Debug|Any CPU
		{8F9C0CA6-3B9E-4D8B-97BE-9D1A51591FD8}.Release|Any CPU.ActiveCfg = Release|Any CPU
		{8F9C0CA6-3B9E-4D8B-97BE-9D1A51591FD8}.Release|Any CPU.Build.0 = Release|Any CPU
		{BFE56327-89A0-4B51-B60E-7F7C8C233B4D}.Debug|Any CPU.ActiveCfg = Debug|Any CPU
		{BFE56327-89A0-4B51-B60E-7F7C8C233B4D}.Debug|Any CPU.Build.0 = Debug|Any CPU
		{BFE56327-89A0-4B51-B60E-7F7C8C233B4D}.Release|Any CPU.ActiveCfg = Release|Any CPU
		{BFE56327-89A0-4B51-B60E-7F7C8C233B4D}.Release|Any CPU.Build.0 = Release|Any CPU
	EndGlobalSection
EndGlobal
